// !$*UTF8*$!
{
	archiveVersion = 1;
	classes = {
	};
	objectVersion = 50;
	objects = {

/* Begin PBXBuildFile section */
		CCEE450C2657D62B004FD0CC /* AppDelegate.swift in Sources */ = {isa = PBXBuildFile; fileRef = CCEE450B2657D62B004FD0CC /* AppDelegate.swift */; };
		CCEE450E2657D62B004FD0CC /* SceneDelegate.swift in Sources */ = {isa = PBXBuildFile; fileRef = CCEE450D2657D62B004FD0CC /* SceneDelegate.swift */; };
		CCEE45102657D62B004FD0CC /* ViewController.swift in Sources */ = {isa = PBXBuildFile; fileRef = CCEE450F2657D62B004FD0CC /* ViewController.swift */; };
		CCEE45132657D62B004FD0CC /* Main.storyboard in Resources */ = {isa = PBXBuildFile; fileRef = CCEE45112657D62B004FD0CC /* Main.storyboard */; };
		CCEE45152657D62C004FD0CC /* Assets.xcassets in Resources */ = {isa = PBXBuildFile; fileRef = CCEE45142657D62C004FD0CC /* Assets.xcassets */; };
		CCEE45182657D62C004FD0CC /* LaunchScreen.storyboard in Resources */ = {isa = PBXBuildFile; fileRef = CCEE45162657D62C004FD0CC /* LaunchScreen.storyboard */; };
		CCEE45232657DB97004FD0CC /* Status.swift in Sources */ = {isa = PBXBuildFile; fileRef = CCEE45222657DB97004FD0CC /* Status.swift */; };
/* End PBXBuildFile section */

/* Begin PBXFileReference section */
		CCEE45082657D62B004FD0CC /* trafficLight.app */ = {isa = PBXFileReference; explicitFileType = wrapper.application; includeInIndex = 0; path = trafficLight.app; sourceTree = BUILT_PRODUCTS_DIR; };
		CCEE450B2657D62B004FD0CC /* AppDelegate.swift */ = {isa = PBXFileReference; lastKnownFileType = sourcecode.swift; path = AppDelegate.swift; sourceTree = "<group>"; };
		CCEE450D2657D62B004FD0CC /* SceneDelegate.swift */ = {isa = PBXFileReference; lastKnownFileType = sourcecode.swift; path = SceneDelegate.swift; sourceTree = "<group>"; };
		CCEE450F2657D62B004FD0CC /* ViewController.swift */ = {isa = PBXFileReference; lastKnownFileType = sourcecode.swift; path = ViewController.swift; sourceTree = "<group>"; };
		CCEE45122657D62B004FD0CC /* Base */ = {isa = PBXFileReference; lastKnownFileType = file.storyboard; name = Base; path = Base.lproj/Main.storyboard; sourceTree = "<group>"; };
		CCEE45142657D62C004FD0CC /* Assets.xcassets */ = {isa = PBXFileReference; lastKnownFileType = folder.assetcatalog; path = Assets.xcassets; sourceTree = "<group>"; };
		CCEE45172657D62C004FD0CC /* Base */ = {isa = PBXFileReference; lastKnownFileType = file.storyboard; name = Base; path = Base.lproj/LaunchScreen.storyboard; sourceTree = "<group>"; };
		CCEE45192657D62C004FD0CC /* Info.plist */ = {isa = PBXFileReference; lastKnownFileType = text.plist.xml; path = Info.plist; sourceTree = "<group>"; };
		CCEE45222657DB97004FD0CC /* Status.swift */ = {isa = PBXFileReference; lastKnownFileType = sourcecode.swift; path = Status.swift; sourceTree = "<group>"; };
/* End PBXFileReference section */

/* Begin PBXFrameworksBuildPhase section */
		CCEE45052657D62B004FD0CC /* Frameworks */ = {
			isa = PBXFrameworksBuildPhase;
			buildActionMask = 2147483647;
			files = (
			);
			runOnlyForDeploymentPostprocessing = 0;
		};
/* End PBXFrameworksBuildPhase section */

/* Begin PBXGroup section */
		CCEE44FF2657D62B004FD0CC = {
			isa = PBXGroup;
			children = (
				CCEE450A2657D62B004FD0CC /* trafficLight */,
				CCEE45092657D62B004FD0CC /* Products */,
			);
			sourceTree = "<group>";
		};
		CCEE45092657D62B004FD0CC /* Products */ = {
			isa = PBXGroup;
			children = (
				CCEE45082657D62B004FD0CC /* trafficLight.app */,
			);
			name = Products;
			sourceTree = "<group>";
		};
		CCEE450A2657D62B004FD0CC /* trafficLight */ = {
			isa = PBXGroup;
			children = (
				CCEE450B2657D62B004FD0CC /* AppDelegate.swift */,
				CCEE450D2657D62B004FD0CC /* SceneDelegate.swift */,
				CCEE450F2657D62B004FD0CC /* ViewController.swift */,
				CCEE45222657DB97004FD0CC /* Status.swift */,
				CCEE45112657D62B004FD0CC /* Main.storyboard */,
				CCEE45142657D62C004FD0CC /* Assets.xcassets */,
				CCEE45162657D62C004FD0CC /* LaunchScreen.storyboard */,
				CCEE45192657D62C004FD0CC /* Info.plist */,
			);
			path = trafficLight;
			sourceTree = "<group>";
		};
/* End PBXGroup section */

/* Begin PBXNativeTarget section */
		CCEE45072657D62B004FD0CC /* trafficLight */ = {
			isa = PBXNativeTarget;
			buildConfigurationList = CCEE451C2657D62C004FD0CC /* Build configuration list for PBXNativeTarget "trafficLight" */;
			buildPhases = (
				CCEE45042657D62B004FD0CC /* Sources */,
				CCEE45052657D62B004FD0CC /* Frameworks */,
				CCEE45062657D62B004FD0CC /* Resources */,
			);
			buildRules = (
			);
			dependencies = (
			);
			name = trafficLight;
			productName = trafficLight;
			productReference = CCEE45082657D62B004FD0CC /* trafficLight.app */;
			productType = "com.apple.product-type.application";
		};
/* End PBXNativeTarget section */

/* Begin PBXProject section */
		CCEE45002657D62B004FD0CC /* Project object */ = {
			isa = PBXProject;
			attributes = {
				LastSwiftUpdateCheck = 1240;
				LastUpgradeCheck = 1240;
				TargetAttributes = {
					CCEE45072657D62B004FD0CC = {
						CreatedOnToolsVersion = 12.4;
					};
				};
			};
			buildConfigurationList = CCEE45032657D62B004FD0CC /* Build configuration list for PBXProject "trafficLight" */;
			compatibilityVersion = "Xcode 9.3";
			developmentRegion = en;
			hasScannedForEncodings = 0;
			knownRegions = (
				en,
				Base,
			);
			mainGroup = CCEE44FF2657D62B004FD0CC;
			productRefGroup = CCEE45092657D62B004FD0CC /* Products */;
			projectDirPath = "";
			projectRoot = "";
			targets = (
				CCEE45072657D62B004FD0CC /* trafficLight */,
			);
		};
/* End PBXProject section */

/* Begin PBXResourcesBuildPhase section */
		CCEE45062657D62B004FD0CC /* Resources */ = {
			isa = PBXResourcesBuildPhase;
			buildActionMask = 2147483647;
			files = (
				CCEE45182657D62C004FD0CC /* LaunchScreen.storyboard in Resources */,
				CCEE45152657D62C004FD0CC /* Assets.xcassets in Resources */,
				CCEE45132657D62B004FD0CC /* Main.storyboard in Resources */,
			);
			runOnlyForDeploymentPostprocessing = 0;
		};
/* End PBXResourcesBuildPhase section */

/* Begin PBXSourcesBuildPhase section */
		CCEE45042657D62B004FD0CC /* Sources */ = {
			isa = PBXSourcesBuildPhase;
			buildActionMask = 2147483647;
			files = (
				CCEE45102657D62B004FD0CC /* ViewController.swift in Sources */,
				CCEE450C2657D62B004FD0CC /* AppDelegate.swift in Sources */,
				CCEE450E2657D62B004FD0CC /* SceneDelegate.swift in Sources */,
				CCEE45232657DB97004FD0CC /* Status.swift in Sources */,
			);
			runOnlyForDeploymentPostprocessing = 0;
		};
/* End PBXSourcesBuildPhase section */

/* Begin PBXVariantGroup section */
		CCEE45112657D62B004FD0CC /* Main.storyboard */ = {
			isa = PBXVariantGroup;
			children = (
				CCEE45122657D62B004FD0CC /* Base */,
			);
			name = Main.storyboard;
			sourceTree = "<group>";
		};
		CCEE45162657D62C004FD0CC /* LaunchScreen.storyboard */ = {
			isa = PBXVariantGroup;
			children = (
				CCEE45172657D62C004FD0CC /* Base */,
			);
			name = LaunchScreen.storyboard;
			sourceTree = "<group>";
		};
/* End PBXVariantGroup section */

/* Begin XCBuildConfiguration section */
		CCEE451A2657D62C004FD0CC /* Debug */ = {
			isa = XCBuildConfiguration;
			buildSettings = {
				ALWAYS_SEARCH_USER_PATHS = NO;
				CLANG_ANALYZER_NONNULL = YES;
				CLANG_ANALYZER_NUMBER_OBJECT_CONVERSION = YES_AGGRESSIVE;
				CLANG_CXX_LANGUAGE_STANDARD = "gnu++14";
				CLANG_CXX_LIBRARY = "libc++";
				CLANG_ENABLE_MODULES = YES;
				CLANG_ENABLE_OBJC_ARC = YES;
				CLANG_ENABLE_OBJC_WEAK = YES;
				CLANG_WARN_BLOCK_CAPTURE_AUTORELEASING = YES;
				CLANG_WARN_BOOL_CONVERSION = YES;
				CLANG_WARN_COMMA = YES;
				CLANG_WARN_CONSTANT_CONVERSION = YES;
				CLANG_WARN_DEPRECATED_OBJC_IMPLEMENTATIONS = YES;
				CLANG_WARN_DIRECT_OBJC_ISA_USAGE = YES_ERROR;
				CLANG_WARN_DOCUMENTATION_COMMENTS = YES;
				CLANG_WARN_EMPTY_BODY = YES;
				CLANG_WARN_ENUM_CONVERSION = YES;
				CLANG_WARN_INFINITE_RECURSION = YES;
				CLANG_WARN_INT_CONVERSION = YES;
				CLANG_WARN_NON_LITERAL_NULL_CONVERSION = YES;
				CLANG_WARN_OBJC_IMPLICIT_RETAIN_SELF = YES;
				CLANG_WARN_OBJC_LITERAL_CONVERSION = YES;
				CLANG_WARN_OBJC_ROOT_CLASS = YES_ERROR;
				CLANG_WARN_QUOTED_INCLUDE_IN_FRAMEWORK_HEADER = YES;
				CLANG_WARN_RANGE_LOOP_ANALYSIS = YES;
				CLANG_WARN_STRICT_PROTOTYPES = YES;
				CLANG_WARN_SUSPICIOUS_MOVE = YES;
				CLANG_WARN_UNGUARDED_AVAILABILITY = YES_AGGRESSIVE;
				CLANG_WARN_UNREACHABLE_CODE = YES;
				CLANG_WARN__DUPLICATE_METHOD_MATCH = YES;
				COPY_PHASE_STRIP = NO;
				DEBUG_INFORMATION_FORMAT = dwarf;
				ENABLE_STRICT_OBJC_MSGSEND = YES;
				ENABLE_TESTABILITY = YES;
				GCC_C_LANGUAGE_STANDARD = gnu11;
				GCC_DYNAMIC_NO_PIC = NO;
				GCC_NO_COMMON_BLOCKS = YES;
				GCC_OPTIMIZATION_LEVEL = 0;
				GCC_PREPROCESSOR_DEFINITIONS = (
					"DEBUG=1",
					"$(inherited)",
				);
				GCC_WARN_64_TO_32_BIT_CONVERSION = YES;
				GCC_WARN_ABOUT_RETURN_TYPE = YES_ERROR;
				GCC_WARN_UNDECLARED_SELECTOR = YES;
				GCC_WARN_UNINITIALIZED_AUTOS = YES_AGGRESSIVE;
				GCC_WARN_UNUSED_FUNCTION = YES;
				GCC_WARN_UNUSED_VARIABLE = YES;
				IPHONEOS_DEPLOYMENT_TARGET = 14.4;
				MTL_ENABLE_DEBUG_INFO = INCLUDE_SOURCE;
				MTL_FAST_MATH = YES;
				ONLY_ACTIVE_ARCH = YES;
				SDKROOT = iphoneos;
				SWIFT_ACTIVE_COMPILATION_CONDITIONS = DEBUG;
				SWIFT_OPTIMIZATION_LEVEL = "-Onone";
			};
			name = Debug;
		};
		CCEE451B2657D62C004FD0CC /* Release */ = {
			isa = XCBuildConfiguration;
			buildSettings = {
				ALWAYS_SEARCH_USER_PATHS = NO;
				CLANG_ANALYZER_NONNULL = YES;
				CLANG_ANALYZER_NUMBER_OBJECT_CONVERSION = YES_AGGRESSIVE;
				CLANG_CXX_LANGUAGE_STANDARD = "gnu++14";
				CLANG_CXX_LIBRARY = "libc++";
				CLANG_ENABLE_MODULES = YES;
				CLANG_ENABLE_OBJC_ARC = YES;
				CLANG_ENABLE_OBJC_WEAK = YES;
				CLANG_WARN_BLOCK_CAPTURE_AUTORELEASING = YES;
				CLANG_WARN_BOOL_CONVERSION = YES;
				CLANG_WARN_COMMA = YES;
				CLANG_WARN_CONSTANT_CONVERSION = YES;
				CLANG_WARN_DEPRECATED_OBJC_IMPLEMENTATIONS = YES;
				CLANG_WARN_DIRECT_OBJC_ISA_USAGE = YES_ERROR;
				CLANG_WARN_DOCUMENTATION_COMMENTS = YES;
				CLANG_WARN_EMPTY_BODY = YES;
				CLANG_WARN_ENUM_CONVERSION = YES;
				CLANG_WARN_INFINITE_RECURSION = YES;
				CLANG_WARN_INT_CONVERSION = YES;
				CLANG_WARN_NON_LITERAL_NULL_CONVERSION = YES;
				CLANG_WARN_OBJC_IMPLICIT_RETAIN_SELF = YES;
				CLANG_WARN_OBJC_LITERAL_CONVERSION = YES;
				CLANG_WARN_OBJC_ROOT_CLASS = YES_ERROR;
				CLANG_WARN_QUOTED_INCLUDE_IN_FRAMEWORK_HEADER = YES;
				CLANG_WARN_RANGE_LOOP_ANALYSIS = YES;
				CLANG_WARN_STRICT_PROTOTYPES = YES;
				CLANG_WARN_SUSPICIOUS_MOVE = YES;
				CLANG_WARN_UNGUARDED_AVAILABILITY = YES_AGGRESSIVE;
				CLANG_WARN_UNREACHABLE_CODE = YES;
				CLANG_WARN__DUPLICATE_METHOD_MATCH = YES;
				COPY_PHASE_STRIP = NO;
				DEBUG_INFORMATION_FORMAT = "dwarf-with-dsym";
				ENABLE_NS_ASSERTIONS = NO;
				ENABLE_STRICT_OBJC_MSGSEND = YES;
				GCC_C_LANGUAGE_STANDARD = gnu11;
				GCC_NO_COMMON_BLOCKS = YES;
				GCC_WARN_64_TO_32_BIT_CONVERSION = YES;
				GCC_WARN_ABOUT_RETURN_TYPE = YES_ERROR;
				GCC_WARN_UNDECLARED_SELECTOR = YES;
				GCC_WARN_UNINITIALIZED_AUTOS = YES_AGGRESSIVE;
				GCC_WARN_UNUSED_FUNCTION = YES;
				GCC_WARN_UNUSED_VARIABLE = YES;
				IPHONEOS_DEPLOYMENT_TARGET = 14.4;
				MTL_ENABLE_DEBUG_INFO = NO;
				MTL_FAST_MATH = YES;
				SDKROOT = iphoneos;
				SWIFT_COMPILATION_MODE = wholemodule;
				SWIFT_OPTIMIZATION_LEVEL = "-O";
				VALIDATE_PRODUCT = YES;
			};
			name = Release;
		};
		CCEE451D2657D62C004FD0CC /* Debug */ = {
			isa = XCBuildConfiguration;
			buildSettings = {
				ASSETCATALOG_COMPILER_APPICON_NAME = AppIcon;
				ASSETCATALOG_COMPILER_GLOBAL_ACCENT_COLOR_NAME = AccentColor;
				CODE_SIGN_STYLE = Automatic;
				INFOPLIST_FILE = trafficLight/Info.plist;
				IPHONEOS_DEPLOYMENT_TARGET = 13.0;
				LD_RUNPATH_SEARCH_PATHS = (
					"$(inherited)",
					"@executable_path/Frameworks",
				);
				PRODUCT_BUNDLE_IDENTIFIER = osipov.trafficLight;
				PRODUCT_NAME = "$(TARGET_NAME)";
				SWIFT_VERSION = 5.0;
				TARGETED_DEVICE_FAMILY = 1;
			};
			name = Debug;
		};
		CCEE451E2657D62C004FD0CC /* Release */ = {
			isa = XCBuildConfiguration;
			buildSettings = {
				ASSETCATALOG_COMPILER_APPICON_NAME = AppIcon;
				ASSETCATALOG_COMPILER_GLOBAL_ACCENT_COLOR_NAME = AccentColor;
				CODE_SIGN_STYLE = Automatic;
				INFOPLIST_FILE = trafficLight/Info.plist;
				IPHONEOS_DEPLOYMENT_TARGET = 13.0;
				LD_RUNPATH_SEARCH_PATHS = (
					"$(inherited)",
					"@executable_path/Frameworks",
				);
				PRODUCT_BUNDLE_IDENTIFIER = osipov.trafficLight;
				PRODUCT_NAME = "$(TARGET_NAME)";
				SWIFT_VERSION = 5.0;
				TARGETED_DEVICE_FAMILY = 1;
			};
			name = Release;
		};
/* End XCBuildConfiguration section */

/* Begin XCConfigurationList section */
		CCEE45032657D62B004FD0CC /* Build configuration list for PBXProject "trafficLight" */ = {
			isa = XCConfigurationList;
			buildConfigurations = (
				CCEE451A2657D62C004FD0CC /* Debug */,
				CCEE451B2657D62C004FD0CC /* Release */,
			);
			defaultConfigurationIsVisible = 0;
			defaultConfigurationName = Release;
		};
		CCEE451C2657D62C004FD0CC /* Build configuration list for PBXNativeTarget "trafficLight" */ = {
			isa = XCConfigurationList;
			buildConfigurations = (
				CCEE451D2657D62C004FD0CC /* Debug */,
				CCEE451E2657D62C004FD0CC /* Release */,
			);
			defaultConfigurationIsVisible = 0;
			defaultConfigurationName = Release;
		};
/* End XCConfigurationList section */
	};
	rootObject = CCEE45002657D62B004FD0CC /* Project object */;
}
